{
  "name": "Magic-Mirror-Module-Sounds",
  "version": "1.0.0",
  "lockfileVersion": 1,
  "requires": true,
  "dependencies": {
    "node-aplay": {
      "version": "1.0.3",
      "resolved": "https://registry.npmjs.org/node-aplay/-/node-aplay-1.0.3.tgz",
      "integrity": "sha1-aqekf5+e+EjDTeB6WitQcZLfl44="
    }
  }
}
